
Microsoft Visual Studio Solution File, Format Version 12.00
# Visual Studio Version 16
VisualStudioVersion = 16.0.29306.81
MinimumVisualStudioVersion = 10.0.40219.1
Project("{FAE04EC0-301F-11D3-BF4B-00C04F79EFBC}") = "tomcMatijaVjezbaPetlje2", "tomcMatijaVjezbaPetlje2\tomcMatijaVjezbaPetlje2.csproj", "{A9F057A2-B9D7-48D8-9632-D3FE11A2579B}"
EndProject
Global
	GlobalSection(SolutionConfigurationPlatforms) = preSolution
		Debug|Any CPU = Debug|Any CPU
		Release|Any CPU = Release|Any CPU
	EndGlobalSection
	GlobalSection(ProjectConfigurationPlatforms) = postSolution
		{A9F057A2-B9D7-48D8-9632-D3FE11A2579B}.Debug|Any CPU.ActiveCfg = Debug|Any CPU
		{A9F057A2-B9D7-48D8-9632-D3FE11A2579B}.Debug|Any CPU.Build.0 = Debug|Any CPU
		{A9F057A2-B9D7-48D8-9632-D3FE11A2579B}.Release|Any CPU.ActiveCfg = Release|Any CPU
		{A9F057A2-B9D7-48D8-9632-D3FE11A2579B}.Release|Any CPU.Build.0 = Release|Any CPU
	EndGlobalSection
	GlobalSection(SolutionProperties) = preSolution
		HideSolutionNode = FALSE
	EndGlobalSection
	GlobalSection(ExtensibilityGlobals) = postSolution
		SolutionGuid = {79F37210-DF06-47A8-A9BD-F38ED6E0344D}
	EndGlobalSection
EndGlobal
